
Microsoft Visual Studio Solution File, Format Version 12.00
# Visual Studio Version 16
VisualStudioVersion = 16.0.31205.134
MinimumVisualStudioVersion = 10.0.40219.1
Project("{FAE04EC0-301F-11D3-BF4B-00C04F79EFBC}") = "WebApplicationExamen324", "WebApplicationExamen324\WebApplicationExamen324.csproj", "{D225E5AE-5E09-4C51-9389-D8ACBA7BE1E8}"
EndProject
Global
	GlobalSection(SolutionConfigurationPlatforms) = preSolution
		Debug|Any CPU = Debug|Any CPU
		Release|Any CPU = Release|Any CPU
	EndGlobalSection
	GlobalSection(ProjectConfigurationPlatforms) = postSolution
		{D225E5AE-5E09-4C51-9389-D8ACBA7BE1E8}.Debug|Any CPU.ActiveCfg = Debug|Any CPU
		{D225E5AE-5E09-4C51-9389-D8ACBA7BE1E8}.Debug|Any CPU.Build.0 = Debug|Any CPU
		{D225E5AE-5E09-4C51-9389-D8ACBA7BE1E8}.Release|Any CPU.ActiveCfg = Release|Any CPU
		{D225E5AE-5E09-4C51-9389-D8ACBA7BE1E8}.Release|Any CPU.Build.0 = Release|Any CPU
	EndGlobalSection
	GlobalSection(SolutionProperties) = preSolution
		HideSolutionNode = FALSE
	EndGlobalSection
	GlobalSection(ExtensibilityGlobals) = postSolution
		SolutionGuid = {90FFF0DF-EA6C-49DD-AB70-CA15F47C9B1A}
	EndGlobalSection
EndGlobal
